
Microsoft Visual Studio Solution File, Format Version 12.00
# Visual Studio Version 16
VisualStudioVersion = 16.0.28803.156
MinimumVisualStudioVersion = 10.0.40219.1
Project("{FAE04EC0-301F-11D3-BF4B-00C04F79EFBC}") = "KVStore", "KVStore\KVStore.csproj", "{C4390473-6451-43E3-B754-C24D437F69B8}"
EndProject
Global
	GlobalSection(SolutionConfigurationPlatforms) = preSolution
		Debug|Any CPU = Debug|Any CPU
		Release|Any CPU = Release|Any CPU
	EndGlobalSection
	GlobalSection(ProjectConfigurationPlatforms) = postSolution
		{C4390473-6451-43E3-B754-C24D437F69B8}.Debug|Any CPU.ActiveCfg = Debug|Any CPU
		{C4390473-6451-43E3-B754-C24D437F69B8}.Debug|Any CPU.Build.0 = Debug|Any CPU
		{C4390473-6451-43E3-B754-C24D437F69B8}.Release|Any CPU.ActiveCfg = Release|Any CPU
		{C4390473-6451-43E3-B754-C24D437F69B8}.Release|Any CPU.Build.0 = Release|Any CPU
	EndGlobalSection
	GlobalSection(SolutionProperties) = preSolution
		HideSolutionNode = FALSE
	EndGlobalSection
	GlobalSection(ExtensibilityGlobals) = postSolution
		SolutionGuid = {585F7E39-BBD3-41E7-BB59-FDD459DAF4DD}
	EndGlobalSection
EndGlobal
